<Solution>
  <Configurations>
    <BuildType Name="Development" />
    <Platform Name="Default" />
  </Configurations>
  <Folder Name="/SoluitionDocuments/">
    <File Path="SQLTransformations.sql" />
    <File Path="WeatherHistory.txt" />
    <File Path="WeatherTrackerETLPlan.xls" />
  </Folder>
  <Folder Name="/WeatherTrackerDataWarehouse/">
    <File Path="InstWeatherTrackerDW.sql" />
  </Folder>
  <Project Path="WeatherTrackerCubes/WeatherTrackerCubes.dwproj" Type="d2abab84-bf74-430a-b69e-9dc6d40dda17">
    <Platform Project="?" />
    <Deploy />
  </Project>
  <Project Path="WeatherTrackerETL/WeatherTrackerETL.dtproj" Type="c9674dcb-5085-4a16-b785-4c70dd1589bd">
    <Platform Project="?" />
  </Project>
</Solution>
